version = 1
revision = 1
requires-python = ">=3.12"

[[package]]
name = "configparser"
version = "7.2.0"
source = { registry = "https://pypi.org/simple" }
sdist = { url = "https://files.pythonhosted.org/packages/8b/ac/ea19242153b5e8be412a726a70e82c7b5c1537c83f61b20995b2eda3dcd7/configparser-7.2.0.tar.gz", hash = "sha256:b629cc8ae916e3afbd36d1b3d093f34193d851e11998920fdcfc4552218b7b70", size = 51273 }
wheels = [
    { url = "https://files.pythonhosted.org/packages/09/fe/f61e7129e9e689d9e40bbf8a36fb90f04eceb477f4617c02c6a18463e81f/configparser-7.2.0-py3-none-any.whl", hash = "sha256:fee5e1f3db4156dcd0ed95bc4edfa3580475537711f67a819c966b389d09ce62", size = 17232 },
]

[[package]]
name = "correctiontool"
version = "0.1.0"
source = { editable = "." }
dependencies = [
    { name = "configparser" },
    { name = "fuzzywuzzy" },
    { name = "pandas" },
    { name = "pyside6" },
    { name = "python-levenshtein" },
]

[package.metadata]
requires-dist = [
    { name = "configparser", specifier = ">=6.0.0" },
    { name = "fuzzywuzzy", specifier = ">=0.18.0" },
    { name = "pandas", specifier = ">=2.2.3" },
    { name = "pyside6", specifier = ">=6.8.2.1" },
    { name = "python-levenshtein", specifier = ">=0.23.0" },
]

[[package]]
name = "fuzzywuzzy"
version = "0.18.0"
source = { registry = "https://pypi.org/simple" }
sdist = { url = "https://files.pythonhosted.org/packages/11/4b/0a002eea91be6048a2b5d53c5f1b4dafd57ba2e36eea961d05086d7c28ce/fuzzywuzzy-0.18.0.tar.gz", hash = "sha256:45016e92264780e58972dca1b3d939ac864b78437422beecebb3095f8efd00e8", size = 28888 }
wheels = [
    { url = "https://files.pythonhosted.org/packages/43/ff/74f23998ad2f93b945c0309f825be92e04e0348e062026998b5eefef4c33/fuzzywuzzy-0.18.0-py2.py3-none-any.whl", hash = "sha256:928244b28db720d1e0ee7587acf660ea49d7e4c632569cad4f1cd7e68a5f0993", size = 18272 },
]

[[package]]
name = "levenshtein"
version = "0.27.1"
source = { registry = "https://pypi.org/simple" }
dependencies = [
    { name = "rapidfuzz" },
]
sdist = { url = "https://files.pythonhosted.org/packages/7e/b3/b5f8011483ba9083a0bc74c4d58705e9cf465fbe55c948a1b1357d0a2aa8/levenshtein-0.27.1.tar.gz", hash = "sha256:3e18b73564cfc846eec94dd13fab6cb006b5d2e0cc56bad1fd7d5585881302e3", size = 382571 }
wheels = [
    { url = "https://files.pythonhosted.org/packages/0d/73/84a7126b9e6441c2547f1fbfd65f3c15c387d1fc04e0dd1d025a12107771/levenshtein-0.27.1-cp312-cp312-macosx_10_13_x86_64.whl", hash = "sha256:25fb540d8c55d1dc7bdc59b7de518ea5ed9df92eb2077e74bcb9bb6de7b06f69", size = 173953 },
    { url = "https://files.pythonhosted.org/packages/8f/5c/06c01870c0cf336f9f29397bbfbfbbfd3a59918868716e7bb15828e89367/levenshtein-0.27.1-cp312-cp312-macosx_11_0_arm64.whl", hash = "sha256:f09cfab6387e9c908c7b37961c045e8e10eb9b7ec4a700367f8e080ee803a562", size = 156399 },
    { url = "https://files.pythonhosted.org/packages/c7/4a/c1d3f27ec8b3fff5a96617251bf3f61c67972869ac0a0419558fc3e2cbe6/levenshtein-0.27.1-cp312-cp312-manylinux_2_17_aarch64.manylinux2014_aarch64.whl", hash = "sha256:dafa29c0e616f322b574e0b2aeb5b1ff2f8d9a1a6550f22321f3bd9bb81036e3", size = 151061 },
    { url = "https://files.pythonhosted.org/packages/4d/8f/2521081e9a265891edf46aa30e1b59c1f347a452aed4c33baafbec5216fa/levenshtein-0.27.1-cp312-cp312-manylinux_2_17_ppc64le.manylinux2014_ppc64le.whl", hash = "sha256:be7a7642ea64392fa1e6ef7968c2e50ef2152c60948f95d0793361ed97cf8a6f", size = 183119 },
    { url = "https://files.pythonhosted.org/packages/1f/a0/a63e3bce6376127596d04be7f57e672d2f3d5f540265b1e30b9dd9b3c5a9/levenshtein-0.27.1-cp312-cp312-manylinux_2_17_s390x.manylinux2014_s390x.whl", hash = "sha256:060b48c45ed54bcea9582ce79c6365b20a1a7473767e0b3d6be712fa3a22929c", size = 185352 },
    { url = "https://files.pythonhosted.org/packages/17/8c/8352e992063952b38fb61d49bad8d193a4a713e7eeceb3ae74b719d7863d/levenshtein-0.27.1-cp312-cp312-manylinux_2_17_x86_64.manylinux2014_x86_64.whl", hash = "sha256:712f562c5e64dd0398d3570fe99f8fbb88acec7cc431f101cb66c9d22d74c542", size = 159879 },
    { url = "https://files.pythonhosted.org/packages/69/b4/564866e2038acf47c3de3e9292fc7fc7cc18d2593fedb04f001c22ac6e15/levenshtein-0.27.1-cp312-cp312-manylinux_2_5_i686.manylinux1_i686.manylinux_2_17_i686.manylinux2014_i686.whl", hash = "sha256:a6141ad65cab49aa4527a3342d76c30c48adb2393b6cdfeca65caae8d25cb4b8", size = 245005 },
    { url = "https://files.pythonhosted.org/packages/ba/f9/7367f87e3a6eed282f3654ec61a174b4d1b78a7a73f2cecb91f0ab675153/levenshtein-0.27.1-cp312-cp312-musllinux_1_2_aarch64.whl", hash = "sha256:799b8d73cda3265331116f62932f553804eae16c706ceb35aaf16fc2a704791b", size = 1116865 },
    { url = "https://files.pythonhosted.org/packages/f5/02/b5b3bfb4b4cd430e9d110bad2466200d51c6061dae7c5a64e36047c8c831/levenshtein-0.27.1-cp312-cp312-musllinux_1_2_i686.whl", hash = "sha256:ec99871d98e517e1cc4a15659c62d6ea63ee5a2d72c5ddbebd7bae8b9e2670c8", size = 1401723 },
    { url = "https://files.pythonhosted.org/packages/ef/69/b93bccd093b3f06a99e67e11ebd6e100324735dc2834958ba5852a1b9fed/levenshtein-0.27.1-cp312-cp312-musllinux_1_2_ppc64le.whl", hash = "sha256:8799164e1f83588dbdde07f728ea80796ea72196ea23484d78d891470241b222", size = 1226276 },
    { url = "https://files.pythonhosted.org/packages/ab/32/37dd1bc5ce866c136716619e6f7081d7078d7dd1c1da7025603dcfd9cf5f/levenshtein-0.27.1-cp312-cp312-musllinux_1_2_s390x.whl", hash = "sha256:583943813898326516ab451a83f734c6f07488cda5c361676150d3e3e8b47927", size = 1420132 },
    { url = "https://files.pythonhosted.org/packages/4b/08/f3bc828dd9f0f8433b26f37c4fceab303186ad7b9b70819f2ccb493d99fc/levenshtein-0.27.1-cp312-cp312-musllinux_1_2_x86_64.whl", hash = "sha256:5bb22956af44bb4eade93546bf95be610c8939b9a9d4d28b2dfa94abf454fed7", size = 1189144 },
    { url = "https://files.pythonhosted.org/packages/2d/54/5ecd89066cf579223d504abe3ac37ba11f63b01a19fd12591083acc00eb6/levenshtein-0.27.1-cp312-cp312-win32.whl", hash = "sha256:d9099ed1bcfa7ccc5540e8ad27b5dc6f23d16addcbe21fdd82af6440f4ed2b6d", size = 88279 },
    { url = "https://files.pythonhosted.org/packages/53/79/4f8fabcc5aca9305b494d1d6c7a98482e90a855e0050ae9ff5d7bf4ab2c6/levenshtein-0.27.1-cp312-cp312-win_amd64.whl", hash = "sha256:7f071ecdb50aa6c15fd8ae5bcb67e9da46ba1df7bba7c6bf6803a54c7a41fd96", size = 100659 },
    { url = "https://files.pythonhosted.org/packages/cb/81/f8e4c0f571c2aac2e0c56a6e0e41b679937a2b7013e79415e4aef555cff0/levenshtein-0.27.1-cp312-cp312-win_arm64.whl", hash = "sha256:83b9033a984ccace7703f35b688f3907d55490182fd39b33a8e434d7b2e249e6", size = 88168 },
    { url = "https://files.pythonhosted.org/packages/c6/d3/30485fb9aee848542ee2d01aba85106a7f5da982ebeeffc619f70ea593c7/levenshtein-0.27.1-cp313-cp313-macosx_10_13_x86_64.whl", hash = "sha256:ab00c2cae2889166afb7e1af64af2d4e8c1b126f3902d13ef3740df00e54032d", size = 173397 },
    { url = "https://files.pythonhosted.org/packages/df/9f/40a81c54cfe74b22737710e654bd25ad934a675f737b60b24f84099540e0/levenshtein-0.27.1-cp313-cp313-macosx_11_0_arm64.whl", hash = "sha256:c27e00bc7527e282f7c437817081df8da4eb7054e7ef9055b851fa3947896560", size = 155787 },
    { url = "https://files.pythonhosted.org/packages/df/98/915f4e24e21982b6eca2c0203546c160f4a83853fa6a2ac6e2b208a54afc/levenshtein-0.27.1-cp313-cp313-manylinux_2_17_aarch64.manylinux2014_aarch64.whl", hash = "sha256:a5b07de42bfc051136cc8e7f1e7ba2cb73666aa0429930f4218efabfdc5837ad", size = 150013 },
    { url = "https://files.pythonhosted.org/packages/80/93/9b0773107580416b9de14bf6a12bd1dd2b2964f7a9f6fb0e40723e1f0572/levenshtein-0.27.1-cp313-cp313-manylinux_2_17_ppc64le.manylinux2014_ppc64le.whl", hash = "sha256:fb11ad3c9dae3063405aa50d9c96923722ab17bb606c776b6817d70b51fd7e07", size = 181234 },
    { url = "https://files.pythonhosted.org/packages/91/b1/3cd4f69af32d40de14808142cc743af3a1b737b25571bd5e8d2f46b885e0/levenshtein-0.27.1-cp313-cp313-manylinux_2_17_s390x.manylinux2014_s390x.whl", hash = "sha256:5c5986fb46cb0c063305fd45b0a79924abf2959a6d984bbac2b511d3ab259f3f", size = 183697 },
    { url = "https://files.pythonhosted.org/packages/bb/65/b691e502c6463f6965b7e0d8d84224c188aa35b53fbc85853c72a0e436c9/levenshtein-0.27.1-cp313-cp313-manylinux_2_17_x86_64.manylinux2014_x86_64.whl", hash = "sha256:75191e469269ddef2859bc64c4a8cfd6c9e063302766b5cb7e1e67f38cc7051a", size = 159964 },
    { url = "https://files.pythonhosted.org/packages/0f/c0/89a922a47306a475fb6d8f2ab08668f143d3dc7dea4c39d09e46746e031c/levenshtein-0.27.1-cp313-cp313-manylinux_2_5_i686.manylinux1_i686.manylinux_2_17_i686.manylinux2014_i686.whl", hash = "sha256:51b3a7b2266933babc04e4d9821a495142eebd6ef709f90e24bc532b52b81385", size = 244759 },
    { url = "https://files.pythonhosted.org/packages/b4/93/30283c6e69a6556b02e0507c88535df9613179f7b44bc49cdb4bc5e889a3/levenshtein-0.27.1-cp313-cp313-musllinux_1_2_aarch64.whl", hash = "sha256:bbac509794afc3e2a9e73284c9e3d0aab5b1d928643f42b172969c3eefa1f2a3", size = 1115955 },
    { url = "https://files.pythonhosted.org/packages/0b/cf/7e19ea2c23671db02fbbe5a5a4aeafd1d471ee573a6251ae17008458c434/levenshtein-0.27.1-cp313-cp313-musllinux_1_2_i686.whl", hash = "sha256:8d68714785178347ecb272b94e85cbf7e638165895c4dd17ab57e7742d8872ec", size = 1400921 },
    { url = "https://files.pythonhosted.org/packages/e3/f7/fb42bfe2f3b46ef91f0fc6fa217b44dbeb4ef8c72a9c1917bbbe1cafc0f8/levenshtein-0.27.1-cp313-cp313-musllinux_1_2_ppc64le.whl", hash = "sha256:8ee74ee31a5ab8f61cd6c6c6e9ade4488dde1285f3c12207afc018393c9b8d14", size = 1225037 },
    { url = "https://files.pythonhosted.org/packages/74/25/c86f8874ac7b0632b172d0d1622ed3ab9608a7f8fe85d41d632b16f5948e/levenshtein-0.27.1-cp313-cp313-musllinux_1_2_s390x.whl", hash = "sha256:f2441b6365453ec89640b85344afd3d602b0d9972840b693508074c613486ce7", size = 1420601 },
    { url = "https://files.pythonhosted.org/packages/20/fe/ebfbaadcd90ea7dfde987ae95b5c11dc27c2c5d55a2c4ccbbe4e18a8af7b/levenshtein-0.27.1-cp313-cp313-musllinux_1_2_x86_64.whl", hash = "sha256:a9be39640a46d8a0f9be729e641651d16a62b2c07d3f4468c36e1cc66b0183b9", size = 1188241 },
    { url = "https://files.pythonhosted.org/packages/2e/1a/aa6b07316e10781a6c5a5a8308f9bdc22213dc3911b959daa6d7ff654fc6/levenshtein-0.27.1-cp313-cp313-win32.whl", hash = "sha256:a520af67d976761eb6580e7c026a07eb8f74f910f17ce60e98d6e492a1f126c7", size = 88103 },
    { url = "https://files.pythonhosted.org/packages/9d/7b/9bbfd417f80f1047a28d0ea56a9b38b9853ba913b84dd5998785c5f98541/levenshtein-0.27.1-cp313-cp313-win_amd64.whl", hash = "sha256:7dd60aa49c2d8d23e0ef6452c8329029f5d092f386a177e3385d315cabb78f2a", size = 100579 },
    { url = "https://files.pythonhosted.org/packages/8b/01/5f3ff775db7340aa378b250e2a31e6b4b038809a24ff0a3636ef20c7ca31/levenshtein-0.27.1-cp313-cp313-win_arm64.whl", hash = "sha256:149cd4f0baf5884ac5df625b7b0d281721b15de00f447080e38f5188106e1167", size = 87933 },
]

[[package]]
name = "numpy"
version = "2.2.3"
source = { registry = "https://pypi.org/simple" }
sdist = { url = "https://files.pythonhosted.org/packages/fb/90/8956572f5c4ae52201fdec7ba2044b2c882832dcec7d5d0922c9e9acf2de/numpy-2.2.3.tar.gz", hash = "sha256:dbdc15f0c81611925f382dfa97b3bd0bc2c1ce19d4fe50482cb0ddc12ba30020", size = 20262700 }
wheels = [
    { url = "https://files.pythonhosted.org/packages/43/ec/43628dcf98466e087812142eec6d1c1a6c6bdfdad30a0aa07b872dc01f6f/numpy-2.2.3-cp312-cp312-macosx_10_13_x86_64.whl", hash = "sha256:12c045f43b1d2915eca6b880a7f4a256f59d62df4f044788c8ba67709412128d", size = 20929458 },
    { url = "https://files.pythonhosted.org/packages/9b/c0/2f4225073e99a5c12350954949ed19b5d4a738f541d33e6f7439e33e98e4/numpy-2.2.3-cp312-cp312-macosx_11_0_arm64.whl", hash = "sha256:87eed225fd415bbae787f93a457af7f5990b92a334e346f72070bf569b9c9c95", size = 14115299 },
    { url = "https://files.pythonhosted.org/packages/ca/fa/d2c5575d9c734a7376cc1592fae50257ec95d061b27ee3dbdb0b3b551eb2/numpy-2.2.3-cp312-cp312-macosx_14_0_arm64.whl", hash = "sha256:712a64103d97c404e87d4d7c47fb0c7ff9acccc625ca2002848e0d53288b90ea", size = 5145723 },
    { url = "https://files.pythonhosted.org/packages/eb/dc/023dad5b268a7895e58e791f28dc1c60eb7b6c06fcbc2af8538ad069d5f3/numpy-2.2.3-cp312-cp312-macosx_14_0_x86_64.whl", hash = "sha256:a5ae282abe60a2db0fd407072aff4599c279bcd6e9a2475500fc35b00a57c532", size = 6678797 },
    { url = "https://files.pythonhosted.org/packages/3f/19/bcd641ccf19ac25abb6fb1dcd7744840c11f9d62519d7057b6ab2096eb60/numpy-2.2.3-cp312-cp312-manylinux_2_17_aarch64.manylinux2014_aarch64.whl", hash = "sha256:5266de33d4c3420973cf9ae3b98b54a2a6d53a559310e3236c4b2b06b9c07d4e", size = 14067362 },
    { url = "https://files.pythonhosted.org/packages/39/04/78d2e7402fb479d893953fb78fa7045f7deb635ec095b6b4f0260223091a/numpy-2.2.3-cp312-cp312-manylinux_2_17_x86_64.manylinux2014_x86_64.whl", hash = "sha256:3b787adbf04b0db1967798dba8da1af07e387908ed1553a0d6e74c084d1ceafe", size = 16116679 },
    { url = "https://files.pythonhosted.org/packages/d0/a1/e90f7aa66512be3150cb9d27f3d9995db330ad1b2046474a13b7040dfd92/numpy-2.2.3-cp312-cp312-musllinux_1_2_aarch64.whl", hash = "sha256:34c1b7e83f94f3b564b35f480f5652a47007dd91f7c839f404d03279cc8dd021", size = 15264272 },
    { url = "https://files.pythonhosted.org/packages/dc/b6/50bd027cca494de4fa1fc7bf1662983d0ba5f256fa0ece2c376b5eb9b3f0/numpy-2.2.3-cp312-cp312-musllinux_1_2_x86_64.whl", hash = "sha256:4d8335b5f1b6e2bce120d55fb17064b0262ff29b459e8493d1785c18ae2553b8", size = 17880549 },
    { url = "https://files.pythonhosted.org/packages/96/30/f7bf4acb5f8db10a96f73896bdeed7a63373137b131ca18bd3dab889db3b/numpy-2.2.3-cp312-cp312-win32.whl", hash = "sha256:4d9828d25fb246bedd31e04c9e75714a4087211ac348cb39c8c5f99dbb6683fe", size = 6293394 },
    { url = "https://files.pythonhosted.org/packages/42/6e/55580a538116d16ae7c9aa17d4edd56e83f42126cb1dfe7a684da7925d2c/numpy-2.2.3-cp312-cp312-win_amd64.whl", hash = "sha256:83807d445817326b4bcdaaaf8e8e9f1753da04341eceec705c001ff342002e5d", size = 12626357 },
    { url = "https://files.pythonhosted.org/packages/0e/8b/88b98ed534d6a03ba8cddb316950fe80842885709b58501233c29dfa24a9/numpy-2.2.3-cp313-cp313-macosx_10_13_x86_64.whl", hash = "sha256:7bfdb06b395385ea9b91bf55c1adf1b297c9fdb531552845ff1d3ea6e40d5aba", size = 20916001 },
    { url = "https://files.pythonhosted.org/packages/d9/b4/def6ec32c725cc5fbd8bdf8af80f616acf075fe752d8a23e895da8c67b70/numpy-2.2.3-cp313-cp313-macosx_11_0_arm64.whl", hash = "sha256:23c9f4edbf4c065fddb10a4f6e8b6a244342d95966a48820c614891e5059bb50", size = 14130721 },
    { url = "https://files.pythonhosted.org/packages/20/60/70af0acc86495b25b672d403e12cb25448d79a2b9658f4fc45e845c397a8/numpy-2.2.3-cp313-cp313-macosx_14_0_arm64.whl", hash = "sha256:a0c03b6be48aaf92525cccf393265e02773be8fd9551a2f9adbe7db1fa2b60f1", size = 5130999 },
    { url = "https://files.pythonhosted.org/packages/2e/69/d96c006fb73c9a47bcb3611417cf178049aae159afae47c48bd66df9c536/numpy-2.2.3-cp313-cp313-macosx_14_0_x86_64.whl", hash = "sha256:2376e317111daa0a6739e50f7ee2a6353f768489102308b0d98fcf4a04f7f3b5", size = 6665299 },
    { url = "https://files.pythonhosted.org/packages/5a/3f/d8a877b6e48103733ac224ffa26b30887dc9944ff95dffdfa6c4ce3d7df3/numpy-2.2.3-cp313-cp313-manylinux_2_17_aarch64.manylinux2014_aarch64.whl", hash = "sha256:8fb62fe3d206d72fe1cfe31c4a1106ad2b136fcc1606093aeab314f02930fdf2", size = 14064096 },
    { url = "https://files.pythonhosted.org/packages/e4/43/619c2c7a0665aafc80efca465ddb1f260287266bdbdce517396f2f145d49/numpy-2.2.3-cp313-cp313-manylinux_2_17_x86_64.manylinux2014_x86_64.whl", hash = "sha256:52659ad2534427dffcc36aac76bebdd02b67e3b7a619ac67543bc9bfe6b7cdb1", size = 16114758 },
    { url = "https://files.pythonhosted.org/packages/d9/79/ee4fe4f60967ccd3897aa71ae14cdee9e3c097e3256975cc9575d393cb42/numpy-2.2.3-cp313-cp313-musllinux_1_2_aarch64.whl", hash = "sha256:1b416af7d0ed3271cad0f0a0d0bee0911ed7eba23e66f8424d9f3dfcdcae1304", size = 15259880 },
    { url = "https://files.pythonhosted.org/packages/fb/c8/8b55cf05db6d85b7a7d414b3d1bd5a740706df00bfa0824a08bf041e52ee/numpy-2.2.3-cp313-cp313-musllinux_1_2_x86_64.whl", hash = "sha256:1402da8e0f435991983d0a9708b779f95a8c98c6b18a171b9f1be09005e64d9d", size = 17876721 },
    { url = "https://files.pythonhosted.org/packages/21/d6/b4c2f0564b7dcc413117b0ffbb818d837e4b29996b9234e38b2025ed24e7/numpy-2.2.3-cp313-cp313-win32.whl", hash = "sha256:136553f123ee2951bfcfbc264acd34a2fc2f29d7cdf610ce7daf672b6fbaa693", size = 6290195 },
    { url = "https://files.pythonhosted.org/packages/97/e7/7d55a86719d0de7a6a597949f3febefb1009435b79ba510ff32f05a8c1d7/numpy-2.2.3-cp313-cp313-win_amd64.whl", hash = "sha256:5b732c8beef1d7bc2d9e476dbba20aaff6167bf205ad9aa8d30913859e82884b", size = 12619013 },
    { url = "https://files.pythonhosted.org/packages/a6/1f/0b863d5528b9048fd486a56e0b97c18bf705e88736c8cea7239012119a54/numpy-2.2.3-cp313-cp313t-macosx_10_13_x86_64.whl", hash = "sha256:435e7a933b9fda8126130b046975a968cc2d833b505475e588339e09f7672890", size = 20944621 },
    { url = "https://files.pythonhosted.org/packages/aa/99/b478c384f7a0a2e0736177aafc97dc9152fc036a3fdb13f5a3ab225f1494/numpy-2.2.3-cp313-cp313t-macosx_11_0_arm64.whl", hash = "sha256:7678556eeb0152cbd1522b684dcd215250885993dd00adb93679ec3c0e6e091c", size = 14142502 },
    { url = "https://files.pythonhosted.org/packages/fb/61/2d9a694a0f9cd0a839501d362de2a18de75e3004576a3008e56bdd60fcdb/numpy-2.2.3-cp313-cp313t-macosx_14_0_arm64.whl", hash = "sha256:2e8da03bd561504d9b20e7a12340870dfc206c64ea59b4cfee9fceb95070ee94", size = 5176293 },
    { url = "https://files.pythonhosted.org/packages/33/35/51e94011b23e753fa33f891f601e5c1c9a3d515448659b06df9d40c0aa6e/numpy-2.2.3-cp313-cp313t-macosx_14_0_x86_64.whl", hash = "sha256:c9aa4496fd0e17e3843399f533d62857cef5900facf93e735ef65aa4bbc90ef0", size = 6691874 },
    { url = "https://files.pythonhosted.org/packages/ff/cf/06e37619aad98a9d03bd8d65b8e3041c3a639be0f5f6b0a0e2da544538d4/numpy-2.2.3-cp313-cp313t-manylinux_2_17_aarch64.manylinux2014_aarch64.whl", hash = "sha256:f4ca91d61a4bf61b0f2228f24bbfa6a9facd5f8af03759fe2a655c50ae2c6610", size = 14036826 },
    { url = "https://files.pythonhosted.org/packages/0c/93/5d7d19955abd4d6099ef4a8ee006f9ce258166c38af259f9e5558a172e3e/numpy-2.2.3-cp313-cp313t-manylinux_2_17_x86_64.manylinux2014_x86_64.whl", hash = "sha256:deaa09cd492e24fd9b15296844c0ad1b3c976da7907e1c1ed3a0ad21dded6f76", size = 16096567 },
    { url = "https://files.pythonhosted.org/packages/af/53/d1c599acf7732d81f46a93621dab6aa8daad914b502a7a115b3f17288ab2/numpy-2.2.3-cp313-cp313t-musllinux_1_2_aarch64.whl", hash = "sha256:246535e2f7496b7ac85deffe932896a3577be7af8fb7eebe7146444680297e9a", size = 15242514 },
    { url = "https://files.pythonhosted.org/packages/53/43/c0f5411c7b3ea90adf341d05ace762dad8cb9819ef26093e27b15dd121ac/numpy-2.2.3-cp313-cp313t-musllinux_1_2_x86_64.whl", hash = "sha256:daf43a3d1ea699402c5a850e5313680ac355b4adc9770cd5cfc2940e7861f1bf", size = 17872920 },
    { url = "https://files.pythonhosted.org/packages/5b/57/6dbdd45ab277aff62021cafa1e15f9644a52f5b5fc840bc7591b4079fb58/numpy-2.2.3-cp313-cp313t-win32.whl", hash = "sha256:cf802eef1f0134afb81fef94020351be4fe1d6681aadf9c5e862af6602af64ef", size = 6346584 },
    { url = "https://files.pythonhosted.org/packages/97/9b/484f7d04b537d0a1202a5ba81c6f53f1846ae6c63c2127f8df869ed31342/numpy-2.2.3-cp313-cp313t-win_amd64.whl", hash = "sha256:aee2512827ceb6d7f517c8b85aa5d3923afe8fc7a57d028cffcd522f1c6fd082", size = 12706784 },
]

[[package]]
name = "pandas"
version = "2.2.3"
source = { registry = "https://pypi.org/simple" }
dependencies = [
    { name = "numpy" },
    { name = "python-dateutil" },
    { name = "pytz" },
    { name = "tzdata" },
]
sdist = { url = "https://files.pythonhosted.org/packages/9c/d6/9f8431bacc2e19dca897724cd097b1bb224a6ad5433784a44b587c7c13af/pandas-2.2.3.tar.gz", hash = "sha256:4f18ba62b61d7e192368b84517265a99b4d7ee8912f8708660fb4a366cc82667", size = 4399213 }
wheels = [
    { url = "https://files.pythonhosted.org/packages/17/a3/fb2734118db0af37ea7433f57f722c0a56687e14b14690edff0cdb4b7e58/pandas-2.2.3-cp312-cp312-macosx_10_9_x86_64.whl", hash = "sha256:b1d432e8d08679a40e2a6d8b2f9770a5c21793a6f9f47fdd52c5ce1948a5a8a9", size = 12529893 },
    { url = "https://files.pythonhosted.org/packages/e1/0c/ad295fd74bfac85358fd579e271cded3ac969de81f62dd0142c426b9da91/pandas-2.2.3-cp312-cp312-macosx_11_0_arm64.whl", hash = "sha256:a5a1595fe639f5988ba6a8e5bc9649af3baf26df3998a0abe56c02609392e0a4", size = 11363475 },
    { url = "https://files.pythonhosted.org/packages/c6/2a/4bba3f03f7d07207481fed47f5b35f556c7441acddc368ec43d6643c5777/pandas-2.2.3-cp312-cp312-manylinux2014_aarch64.manylinux_2_17_aarch64.whl", hash = "sha256:5de54125a92bb4d1c051c0659e6fcb75256bf799a732a87184e5ea503965bce3", size = 15188645 },
    { url = "https://files.pythonhosted.org/packages/38/f8/d8fddee9ed0d0c0f4a2132c1dfcf0e3e53265055da8df952a53e7eaf178c/pandas-2.2.3-cp312-cp312-manylinux_2_17_x86_64.manylinux2014_x86_64.whl", hash = "sha256:fffb8ae78d8af97f849404f21411c95062db1496aeb3e56f146f0355c9989319", size = 12739445 },
    { url = "https://files.pythonhosted.org/packages/20/e8/45a05d9c39d2cea61ab175dbe6a2de1d05b679e8de2011da4ee190d7e748/pandas-2.2.3-cp312-cp312-musllinux_1_2_aarch64.whl", hash = "sha256:6dfcb5ee8d4d50c06a51c2fffa6cff6272098ad6540aed1a76d15fb9318194d8", size = 16359235 },
    { url = "https://files.pythonhosted.org/packages/1d/99/617d07a6a5e429ff90c90da64d428516605a1ec7d7bea494235e1c3882de/pandas-2.2.3-cp312-cp312-musllinux_1_2_x86_64.whl", hash = "sha256:062309c1b9ea12a50e8ce661145c6aab431b1e99530d3cd60640e255778bd43a", size = 14056756 },
    { url = "https://files.pythonhosted.org/packages/29/d4/1244ab8edf173a10fd601f7e13b9566c1b525c4f365d6bee918e68381889/pandas-2.2.3-cp312-cp312-win_amd64.whl", hash = "sha256:59ef3764d0fe818125a5097d2ae867ca3fa64df032331b7e0917cf5d7bf66b13", size = 11504248 },
    { url = "https://files.pythonhosted.org/packages/64/22/3b8f4e0ed70644e85cfdcd57454686b9057c6c38d2f74fe4b8bc2527214a/pandas-2.2.3-cp313-cp313-macosx_10_13_x86_64.whl", hash = "sha256:f00d1345d84d8c86a63e476bb4955e46458b304b9575dcf71102b5c705320015", size = 12477643 },
    { url = "https://files.pythonhosted.org/packages/e4/93/b3f5d1838500e22c8d793625da672f3eec046b1a99257666c94446969282/pandas-2.2.3-cp313-cp313-macosx_11_0_arm64.whl", hash = "sha256:3508d914817e153ad359d7e069d752cdd736a247c322d932eb89e6bc84217f28", size = 11281573 },
    { url = "https://files.pythonhosted.org/packages/f5/94/6c79b07f0e5aab1dcfa35a75f4817f5c4f677931d4234afcd75f0e6a66ca/pandas-2.2.3-cp313-cp313-manylinux2014_aarch64.manylinux_2_17_aarch64.whl", hash = "sha256:22a9d949bfc9a502d320aa04e5d02feab689d61da4e7764b62c30b991c42c5f0", size = 15196085 },
    { url = "https://files.pythonhosted.org/packages/e8/31/aa8da88ca0eadbabd0a639788a6da13bb2ff6edbbb9f29aa786450a30a91/pandas-2.2.3-cp313-cp313-manylinux_2_17_x86_64.manylinux2014_x86_64.whl", hash = "sha256:f3a255b2c19987fbbe62a9dfd6cff7ff2aa9ccab3fc75218fd4b7530f01efa24", size = 12711809 },
    { url = "https://files.pythonhosted.org/packages/ee/7c/c6dbdb0cb2a4344cacfb8de1c5808ca885b2e4dcfde8008266608f9372af/pandas-2.2.3-cp313-cp313-musllinux_1_2_aarch64.whl", hash = "sha256:800250ecdadb6d9c78eae4990da62743b857b470883fa27f652db8bdde7f6659", size = 16356316 },
    { url = "https://files.pythonhosted.org/packages/57/b7/8b757e7d92023b832869fa8881a992696a0bfe2e26f72c9ae9f255988d42/pandas-2.2.3-cp313-cp313-musllinux_1_2_x86_64.whl", hash = "sha256:6374c452ff3ec675a8f46fd9ab25c4ad0ba590b71cf0656f8b6daa5202bca3fb", size = 14022055 },
    { url = "https://files.pythonhosted.org/packages/3b/bc/4b18e2b8c002572c5a441a64826252ce5da2aa738855747247a971988043/pandas-2.2.3-cp313-cp313-win_amd64.whl", hash = "sha256:61c5ad4043f791b61dd4752191d9f07f0ae412515d59ba8f005832a532f8736d", size = 11481175 },
    { url = "https://files.pythonhosted.org/packages/76/a3/a5d88146815e972d40d19247b2c162e88213ef51c7c25993942c39dbf41d/pandas-2.2.3-cp313-cp313t-macosx_10_13_x86_64.whl", hash = "sha256:3b71f27954685ee685317063bf13c7709a7ba74fc996b84fc6821c59b0f06468", size = 12615650 },
    { url = "https://files.pythonhosted.org/packages/9c/8c/f0fd18f6140ddafc0c24122c8a964e48294acc579d47def376fef12bcb4a/pandas-2.2.3-cp313-cp313t-macosx_11_0_arm64.whl", hash = "sha256:38cf8125c40dae9d5acc10fa66af8ea6fdf760b2714ee482ca691fc66e6fcb18", size = 11290177 },
    { url = "https://files.pythonhosted.org/packages/ed/f9/e995754eab9c0f14c6777401f7eece0943840b7a9fc932221c19d1abee9f/pandas-2.2.3-cp313-cp313t-manylinux2014_aarch64.manylinux_2_17_aarch64.whl", hash = "sha256:ba96630bc17c875161df3818780af30e43be9b166ce51c9a18c1feae342906c2", size = 14651526 },
    { url = "https://files.pythonhosted.org/packages/25/b0/98d6ae2e1abac4f35230aa756005e8654649d305df9a28b16b9ae4353bff/pandas-2.2.3-cp313-cp313t-manylinux_2_17_x86_64.manylinux2014_x86_64.whl", hash = "sha256:1db71525a1538b30142094edb9adc10be3f3e176748cd7acc2240c2f2e5aa3a4", size = 11871013 },
    { url = "https://files.pythonhosted.org/packages/cc/57/0f72a10f9db6a4628744c8e8f0df4e6e21de01212c7c981d31e50ffc8328/pandas-2.2.3-cp313-cp313t-musllinux_1_2_aarch64.whl", hash = "sha256:15c0e1e02e93116177d29ff83e8b1619c93ddc9c49083f237d4312337a61165d", size = 15711620 },
    { url = "https://files.pythonhosted.org/packages/ab/5f/b38085618b950b79d2d9164a711c52b10aefc0ae6833b96f626b7021b2ed/pandas-2.2.3-cp313-cp313t-musllinux_1_2_x86_64.whl", hash = "sha256:ad5b65698ab28ed8d7f18790a0dc58005c7629f227be9ecc1072aa74c0c1d43a", size = 13098436 },
]

[[package]]
name = "pyside6"
version = "6.8.2.1"
source = { registry = "https://pypi.org/simple" }
dependencies = [
    { name = "pyside6-addons" },
    { name = "pyside6-essentials" },
    { name = "shiboken6" },
]
wheels = [
    { url = "https://files.pythonhosted.org/packages/14/0f/bdb12758448b52497dba7a3bbfb5855dfb29129c64ddbda4da56c4b11f6c/PySide6-6.8.2.1-cp39-abi3-macosx_12_0_universal2.whl", hash = "sha256:3fcb551729f235475b2abe7d919027de54a65d850e744f60716f890202273720", size = 550254 },
    { url = "https://files.pythonhosted.org/packages/fa/00/0b232a25eeb8671202d7a7ec92893bd25b965debfd1d5d7aad637b067efe/PySide6-6.8.2.1-cp39-abi3-manylinux_2_28_x86_64.whl", hash = "sha256:23d2a1a77b25459a049c4276b4e0bbfb375b73d3921061b1a16bcfa64e1fe517", size = 550489 },
    { url = "https://files.pythonhosted.org/packages/8b/8a/9eb78cf71233399236c257cf85770ca4673ed0b9b959895856285157f643/PySide6-6.8.2.1-cp39-abi3-manylinux_2_39_aarch64.whl", hash = "sha256:bfefa80a93db06dc64c0e7beef0377c9b8ca51e007cfc34575defe065af893b6", size = 550491 },
    { url = "https://files.pythonhosted.org/packages/fb/3d/3e626e1953408cb8977a050ce54b1f1adff9a4c06bb519f6d56ebaf9310c/PySide6-6.8.2.1-cp39-abi3-win_amd64.whl", hash = "sha256:92361e41727910e3560ea5ba494fabecc76cd20892c9fcb2ced07619081c4e65", size = 556167 },
]

[[package]]
name = "pyside6-addons"
version = "6.8.2.1"
source = { registry = "https://pypi.org/simple" }
dependencies = [
    { name = "pyside6-essentials" },
    { name = "shiboken6" },
]
wheels = [
    { url = "https://files.pythonhosted.org/packages/6e/79/a868ffac6eb446afdd25312b61872d0d11173032d50320d48b5277b68ccf/PySide6_Addons-6.8.2.1-cp39-abi3-macosx_12_0_universal2.whl", hash = "sha256:5558816018042fecd0d782111ced529585a23ea9a010b518f8495764f578a01f", size = 302704501 },
    { url = "https://files.pythonhosted.org/packages/95/3a/93e0028805c50ceff8b8ae0f274d502805b8a864129b83d705ab12d48f78/PySide6_Addons-6.8.2.1-cp39-abi3-manylinux_2_28_x86_64.whl", hash = "sha256:f3d85e676851ada8238bc76ebfacbee738fc0b35b3bc15c9765dd107b8ee6ec4", size = 160641392 },
    { url = "https://files.pythonhosted.org/packages/84/5c/e822e4ef6c2140b273cb0f8531d7e200c8771bd61832decc524fc318c335/PySide6_Addons-6.8.2.1-cp39-abi3-manylinux_2_39_aarch64.whl", hash = "sha256:d904179f16deeca4ba440b4ef78e8d54df2b994b46784ad9d53b741082f3b2a7", size = 156398179 },
    { url = "https://files.pythonhosted.org/packages/0a/f8/98f85194f85a1fcff44ad98cd80cf6e856f7edee9e744fba81dec48b0ae9/PySide6_Addons-6.8.2.1-cp39-abi3-win_amd64.whl", hash = "sha256:c761cc45022aa79d8419e671e7fb34a4a3e5b3826f1e68fcb819bd6e3a387fbb", size = 127973648 },
]

[[package]]
name = "pyside6-essentials"
version = "6.8.2.1"
source = { registry = "https://pypi.org/simple" }
dependencies = [
    { name = "shiboken6" },
]
wheels = [
    { url = "https://files.pythonhosted.org/packages/01/bb/0127a53530cec0f9e7268e2fe235322b7b6e592caeb36c558b64da6ec52c/PySide6_Essentials-6.8.2.1-cp39-abi3-macosx_12_0_universal2.whl", hash = "sha256:ae5cc48f7e9a08e73e3ec2387ce245c8150e620b8d5a87548ebd4b8e3aeae49b", size = 134909713 },
    { url = "https://files.pythonhosted.org/packages/d2/f9/aa4ff511ff1f3dd177f7e8f5a635e03fe578fa2045c8d6be4577e7db3b28/PySide6_Essentials-6.8.2.1-cp39-abi3-manylinux_2_28_x86_64.whl", hash = "sha256:5ab31e5395a4724102edd6e8ff980fa3f7cde2aa79050763a1dcc30bb914195a", size = 95331575 },
    { url = "https://files.pythonhosted.org/packages/fd/69/595002d860ee58431fe7add081d6f54fff94ae9680f2eb8cd355c1649bb6/PySide6_Essentials-6.8.2.1-cp39-abi3-manylinux_2_39_aarch64.whl", hash = "sha256:7aed46f91d44399b4c713cf7387f5fb6f0114413fbcdbde493a528fb8e19f6ed", size = 93200219 },
    { url = "https://files.pythonhosted.org/packages/5b/54/28a8b03f327e2c1d27d4a1ccf1a44997afc73c00ad07125d889640367194/PySide6_Essentials-6.8.2.1-cp39-abi3-win_amd64.whl", hash = "sha256:18de224f09108998d194e60f2fb8a1e86367dd525dd8a6192598e80e6ada649e", size = 72502927 },
]

[[package]]
name = "python-dateutil"
version = "2.9.0.post0"
source = { registry = "https://pypi.org/simple" }
dependencies = [
    { name = "six" },
]
sdist = { url = "https://files.pythonhosted.org/packages/66/c0/0c8b6ad9f17a802ee498c46e004a0eb49bc148f2fd230864601a86dcf6db/python-dateutil-2.9.0.post0.tar.gz", hash = "sha256:37dd54208da7e1cd875388217d5e00ebd4179249f90fb72437e91a35459a0ad3", size = 342432 }
wheels = [
    { url = "https://files.pythonhosted.org/packages/ec/57/56b9bcc3c9c6a792fcbaf139543cee77261f3651ca9da0c93f5c1221264b/python_dateutil-2.9.0.post0-py2.py3-none-any.whl", hash = "sha256:a8b2bc7bffae282281c8140a97d3aa9c14da0b136dfe83f850eea9a5f7470427", size = 229892 },
]

[[package]]
name = "python-levenshtein"
version = "0.27.1"
source = { registry = "https://pypi.org/simple" }
dependencies = [
    { name = "levenshtein" },
]
sdist = { url = "https://files.pythonhosted.org/packages/13/f6/d865a565b7eeef4b5f9a18accafb03d5730c712420fc84a3a40555f7ea6b/python_levenshtein-0.27.1.tar.gz", hash = "sha256:3a5314a011016d373d309a68e875fd029caaa692ad3f32e78319299648045f11", size = 12326 }
wheels = [
    { url = "https://files.pythonhosted.org/packages/2a/95/8c8fd923b0a702388da4f9e0368f490d123cc5224279e6a083984304a15e/python_levenshtein-0.27.1-py3-none-any.whl", hash = "sha256:e1a4bc2a70284b2ebc4c505646142fecd0f831e49aa04ed972995895aec57396", size = 9426 },
]

[[package]]
name = "pytz"
version = "2025.1"
source = { registry = "https://pypi.org/simple" }
sdist = { url = "https://files.pythonhosted.org/packages/5f/57/df1c9157c8d5a05117e455d66fd7cf6dbc46974f832b1058ed4856785d8a/pytz-2025.1.tar.gz", hash = "sha256:c2db42be2a2518b28e65f9207c4d05e6ff547d1efa4086469ef855e4ab70178e", size = 319617 }
wheels = [
    { url = "https://files.pythonhosted.org/packages/eb/38/ac33370d784287baa1c3d538978b5e2ea064d4c1b93ffbd12826c190dd10/pytz-2025.1-py2.py3-none-any.whl", hash = "sha256:89dd22dca55b46eac6eda23b2d72721bf1bdfef212645d81513ef5d03038de57", size = 507930 },
]

[[package]]
name = "rapidfuzz"
version = "3.12.2"
source = { registry = "https://pypi.org/simple" }
sdist = { url = "https://files.pythonhosted.org/packages/f9/be/8dff25a6157dfbde9867720b1282157fe7b809e085130bb89d7655c62186/rapidfuzz-3.12.2.tar.gz", hash = "sha256:b0ba1ccc22fff782e7152a3d3d0caca44ec4e32dc48ba01c560b8593965b5aa3", size = 57907839 }
wheels = [
    { url = "https://files.pythonhosted.org/packages/a7/d2/e071753227c9e9f7f3550b983f30565f6e994581529815fa5a8879e7cd10/rapidfuzz-3.12.2-cp312-cp312-macosx_10_13_x86_64.whl", hash = "sha256:1d982a651253ffe8434d9934ff0c1089111d60502228464721a2a4587435e159", size = 1944403 },
    { url = "https://files.pythonhosted.org/packages/aa/d1/4a10d21cc97aa36f4019af24382b5b4dc5ea6444499883c1c1286c6089ba/rapidfuzz-3.12.2-cp312-cp312-macosx_11_0_arm64.whl", hash = "sha256:02e6466caa0222d5233b1f05640873671cd99549a5c5ba4c29151634a1e56080", size = 1430287 },
    { url = "https://files.pythonhosted.org/packages/6a/2d/76d39ab0beeb884d432096fe288c41850e37608e0145264081d0cb809f3c/rapidfuzz-3.12.2-cp312-cp312-manylinux_2_17_aarch64.manylinux2014_aarch64.whl", hash = "sha256:e956b3f053e474abae69ac693a52742109d860ac2375fe88e9387d3277f4c96c", size = 1403693 },
    { url = "https://files.pythonhosted.org/packages/85/1a/719b0f6498c003627e4b83b841bdcd48b11de8a9908a9051c4d2a0bc2245/rapidfuzz-3.12.2-cp312-cp312-manylinux_2_17_i686.manylinux2014_i686.whl", hash = "sha256:2dee7d740a2d5418d4f964f39ab8d89923e6b945850db833e798a1969b19542a", size = 5555878 },
    { url = "https://files.pythonhosted.org/packages/af/48/14d952a73254b4b0e517141acd27979bd23948adaf197f6ca2dc722fde6a/rapidfuzz-3.12.2-cp312-cp312-manylinux_2_17_ppc64le.manylinux2014_ppc64le.whl", hash = "sha256:a057cdb0401e42c84b6516c9b1635f7aedd5e430c6e388bd5f6bcd1d6a0686bb", size = 1655301 },
    { url = "https://files.pythonhosted.org/packages/db/3f/b093e154e9752325d7459aa6dca43b7acbcaffa05133507e2403676e3e75/rapidfuzz-3.12.2-cp312-cp312-manylinux_2_17_s390x.manylinux2014_s390x.whl", hash = "sha256:dccf8d4fb5b86d39c581a59463c596b1d09df976da26ff04ae219604223d502f", size = 1678069 },
    { url = "https://files.pythonhosted.org/packages/d6/7e/88853ecae5b5456eb1a1d8a01cbd534e25b671735d5d974609cbae082542/rapidfuzz-3.12.2-cp312-cp312-manylinux_2_17_x86_64.manylinux2014_x86_64.whl", hash = "sha256:21d5b3793c6f5aecca595cd24164bf9d3c559e315ec684f912146fc4e769e367", size = 3137119 },
    { url = "https://files.pythonhosted.org/packages/4d/d2/b1f809b815aaf682ddac9c57929149f740b90feeb4f8da2f535c196de821/rapidfuzz-3.12.2-cp312-cp312-musllinux_1_2_aarch64.whl", hash = "sha256:46a616c0e13cff2de1761b011e0b14bb73b110182f009223f1453d505c9a975c", size = 2491639 },
    { url = "https://files.pythonhosted.org/packages/61/e4/a908d7b8db6e52ba2f80f6f0d0709ef9fdedb767db4307084331742b67f0/rapidfuzz-3.12.2-cp312-cp312-musllinux_1_2_i686.whl", hash = "sha256:19fa5bc4301a1ee55400d4a38a8ecf9522b0391fc31e6da5f4d68513fe5c0026", size = 7821561 },
    { url = "https://files.pythonhosted.org/packages/f3/83/0250c49deefff15c46f5e590d8ee6abbd0f056e20b85994db55c16ac6ead/rapidfuzz-3.12.2-cp312-cp312-musllinux_1_2_ppc64le.whl", hash = "sha256:544a47190a0d25971658a9365dba7095397b4ce3e897f7dd0a77ca2cf6fa984e", size = 2874048 },
    { url = "https://files.pythonhosted.org/packages/6c/3f/8d433d964c6e476476ee53eae5fa77b9f16b38d312eb1571e9099a6a3b12/rapidfuzz-3.12.2-cp312-cp312-musllinux_1_2_s390x.whl", hash = "sha256:f21af27c5e001f0ba1b88c36a0936437dfe034c452548d998891c21125eb640f", size = 3522801 },
    { url = "https://files.pythonhosted.org/packages/82/85/4931bfa41ef837b1544838e46e0556640d18114b3da9cf05e10defff00ae/rapidfuzz-3.12.2-cp312-cp312-musllinux_1_2_x86_64.whl", hash = "sha256:b63170d9db00629b5b3f2862114d8d6ee19127eaba0eee43762d62a25817dbe0", size = 4567304 },
    { url = "https://files.pythonhosted.org/packages/b1/fe/fdae322869885115dd19a38c1da71b73a8832aa77757c93f460743d4f54c/rapidfuzz-3.12.2-cp312-cp312-win32.whl", hash = "sha256:6c7152d77b2eb6bfac7baa11f2a9c45fd5a2d848dbb310acd0953b3b789d95c9", size = 1845332 },
    { url = "https://files.pythonhosted.org/packages/ca/a4/2ccebda5fb8a266d163d57a42c2a6ef6f91815df5d89cf38c12e8aa6ed0b/rapidfuzz-3.12.2-cp312-cp312-win_amd64.whl", hash = "sha256:1a314d170ee272ac87579f25a6cf8d16a031e1f7a7b07663434b41a1473bc501", size = 1617926 },
    { url = "https://files.pythonhosted.org/packages/a5/bc/aa8a4dc4ebff966dd039cce017c614cfd202049b4d1a2daafee7d018521b/rapidfuzz-3.12.2-cp312-cp312-win_arm64.whl", hash = "sha256:d41e8231326e94fd07c4d8f424f6bed08fead6f5e6688d1e6e787f1443ae7631", size = 864737 },
    { url = "https://files.pythonhosted.org/packages/96/59/2ea3b5bb82798eae73d6ee892264ebfe42727626c1f0e96c77120f0d5cf6/rapidfuzz-3.12.2-cp313-cp313-macosx_10_13_x86_64.whl", hash = "sha256:941f31038dba5d3dedcfcceba81d61570ad457c873a24ceb13f4f44fcb574260", size = 1936870 },
    { url = "https://files.pythonhosted.org/packages/54/85/4e486bf9ea05e771ad231731305ed701db1339157f630b76b246ce29cf71/rapidfuzz-3.12.2-cp313-cp313-macosx_11_0_arm64.whl", hash = "sha256:fe2dfc454ee51ba168a67b1e92b72aad251e45a074972cef13340bbad2fd9438", size = 1424231 },
    { url = "https://files.pythonhosted.org/packages/dc/60/aeea3eed402c40a8cf055d554678769fbee0dd95c22f04546070a22bb90e/rapidfuzz-3.12.2-cp313-cp313-manylinux_2_17_aarch64.manylinux2014_aarch64.whl", hash = "sha256:78fafaf7f5a48ee35ccd7928339080a0136e27cf97396de45259eca1d331b714", size = 1398055 },
    { url = "https://files.pythonhosted.org/packages/33/6b/757106f4c21fe3f20ce13ba3df560da60e52fe0dc390fd22bf613761669c/rapidfuzz-3.12.2-cp313-cp313-manylinux_2_17_i686.manylinux2014_i686.whl", hash = "sha256:e0c7989ff32c077bb8fd53253fd6ca569d1bfebc80b17557e60750e6909ba4fe", size = 5526188 },
    { url = "https://files.pythonhosted.org/packages/1e/a2/7c680cdc5532746dba67ecf302eed975252657094e50ae334fa9268352e8/rapidfuzz-3.12.2-cp313-cp313-manylinux_2_17_ppc64le.manylinux2014_ppc64le.whl", hash = "sha256:96fa00bc105caa34b6cd93dca14a29243a3a7f0c336e4dcd36348d38511e15ac", size = 1648483 },
    { url = "https://files.pythonhosted.org/packages/f6/b0/ce942a1448b1a75d64af230dd746dede502224dd29ca9001665bbfd4bee6/rapidfuzz-3.12.2-cp313-cp313-manylinux_2_17_s390x.manylinux2014_s390x.whl", hash = "sha256:bccfb30c668620c5bc3490f2dc7d7da1cca0ead5a9da8b755e2e02e2ef0dff14", size = 1676076 },
    { url = "https://files.pythonhosted.org/packages/ba/71/81f77b08333200be6984b6cdf2bdfd7cfca4943f16b478a2f7838cba8d66/rapidfuzz-3.12.2-cp313-cp313-manylinux_2_17_x86_64.manylinux2014_x86_64.whl", hash = "sha256:2f9b0adc3d894beb51f5022f64717b6114a6fabaca83d77e93ac7675911c8cc5", size = 3114169 },
    { url = "https://files.pythonhosted.org/packages/01/16/f3f34b207fdc8c61a33f9d2d61fc96b62c7dadca88bda1df1be4b94afb0b/rapidfuzz-3.12.2-cp313-cp313-musllinux_1_2_aarch64.whl", hash = "sha256:32691aa59577f42864d5535cb6225d0f47e2c7bff59cf4556e5171e96af68cc1", size = 2485317 },
    { url = "https://files.pythonhosted.org/packages/b2/a6/b954f0766f644eb8dd8df44703e024ab4f5f15a8f8f5ea969963dd036f50/rapidfuzz-3.12.2-cp313-cp313-musllinux_1_2_i686.whl", hash = "sha256:758b10380ad34c1f51753a070d7bb278001b5e6fcf544121c6df93170952d705", size = 7844495 },
    { url = "https://files.pythonhosted.org/packages/fb/8f/1dc604d05e07150a02b56a8ffc47df75ce316c65467259622c9edf098451/rapidfuzz-3.12.2-cp313-cp313-musllinux_1_2_ppc64le.whl", hash = "sha256:50a9c54c0147b468363119132d514c5024fbad1ed8af12bd8bd411b0119f9208", size = 2873242 },
    { url = "https://files.pythonhosted.org/packages/78/a9/9c649ace4b7f885e0a5fdcd1f33b057ebd83ecc2837693e6659bd944a2bb/rapidfuzz-3.12.2-cp313-cp313-musllinux_1_2_s390x.whl", hash = "sha256:e3ceb87c11d2d0fbe8559bb795b0c0604b84cfc8bb7b8720b5c16e9e31e00f41", size = 3519124 },
    { url = "https://files.pythonhosted.org/packages/f5/81/ce0b774e540a2e22ec802e383131d7ead18347197304d584c4ccf7b8861a/rapidfuzz-3.12.2-cp313-cp313-musllinux_1_2_x86_64.whl", hash = "sha256:f7c9a003002434889255ff5676ca0f8934a478065ab5e702f75dc42639505bba", size = 4557831 },
    { url = "https://files.pythonhosted.org/packages/13/28/7bf0ee8d35efa7ab14e83d1795cdfd54833aa0428b6f87e987893136c372/rapidfuzz-3.12.2-cp313-cp313-win32.whl", hash = "sha256:cf165a76870cd875567941cf861dfd361a0a6e6a56b936c5d30042ddc9def090", size = 1842802 },
    { url = "https://files.pythonhosted.org/packages/ef/7e/792d609484776c8a40e1695ebd28b62196be9f8347b785b9104604dc7268/rapidfuzz-3.12.2-cp313-cp313-win_amd64.whl", hash = "sha256:55bcc003541f5f16ec0a73bf6de758161973f9e8d75161954380738dd147f9f2", size = 1615808 },
    { url = "https://files.pythonhosted.org/packages/4b/43/ca3d1018b392f49131843648e10b08ace23afe8dad3bee5f136e4346b7cd/rapidfuzz-3.12.2-cp313-cp313-win_arm64.whl", hash = "sha256:69f6ecdf1452139f2b947d0c169a605de578efdb72cbb2373cb0a94edca1fd34", size = 863535 },
]

[[package]]
name = "shiboken6"
version = "6.8.2.1"
source = { registry = "https://pypi.org/simple" }
wheels = [
    { url = "https://files.pythonhosted.org/packages/d8/8f/71ccc3642edb59efaca35d4ba974248b1d7847f5e4d87d3ea323e73b2cab/shiboken6-6.8.2.1-cp39-abi3-macosx_12_0_universal2.whl", hash = "sha256:d3dedeb3732ecfc920c9f97da769c0022a1c3bda99346a9eba56fbf093deaa75", size = 401266 },
    { url = "https://files.pythonhosted.org/packages/7b/ff/ab4f287b9573e50b5a47c10e2af8feb5abecc3c7431bd5deec135efc969e/shiboken6-6.8.2.1-cp39-abi3-manylinux_2_28_x86_64.whl", hash = "sha256:c83e90056f13d0872cc4d2b7bf60b6d6e3b1b172f1f91910c0ba5b641af01758", size = 204273 },
    { url = "https://files.pythonhosted.org/packages/a6/b0/4fb102eb5260ee06d379769f3c4f0b82ef397c15f1cbbbbb3f6dceb86d5d/shiboken6-6.8.2.1-cp39-abi3-manylinux_2_39_aarch64.whl", hash = "sha256:8592401423acc693f51dbbfae5e7493cc3ed6738be79daaf90afa07f4da5bb25", size = 200909 },
    { url = "https://files.pythonhosted.org/packages/ae/88/b56bdb38a11066e4eecd1da6be4205bb406398b733b392b11c5aaf9547f7/shiboken6-6.8.2.1-cp39-abi3-win_amd64.whl", hash = "sha256:1b751d47b759762b7ca31bad278d52eca4105d3028880d93979261ebbfba810c", size = 1150270 },
]

[[package]]
name = "six"
version = "1.17.0"
source = { registry = "https://pypi.org/simple" }
sdist = { url = "https://files.pythonhosted.org/packages/94/e7/b2c673351809dca68a0e064b6af791aa332cf192da575fd474ed7d6f16a2/six-1.17.0.tar.gz", hash = "sha256:ff70335d468e7eb6ec65b95b99d3a2836546063f63acc5171de367e834932a81", size = 34031 }
wheels = [
    { url = "https://files.pythonhosted.org/packages/b7/ce/149a00dd41f10bc29e5921b496af8b574d8413afcd5e30dfa0ed46c2cc5e/six-1.17.0-py2.py3-none-any.whl", hash = "sha256:4721f391ed90541fddacab5acf947aa0d3dc7d27b2e1e8eda2be8970586c3274", size = 11050 },
]

[[package]]
name = "tzdata"
version = "2025.1"
source = { registry = "https://pypi.org/simple" }
sdist = { url = "https://files.pythonhosted.org/packages/43/0f/fa4723f22942480be4ca9527bbde8d43f6c3f2fe8412f00e7f5f6746bc8b/tzdata-2025.1.tar.gz", hash = "sha256:24894909e88cdb28bd1636c6887801df64cb485bd593f2fd83ef29075a81d694", size = 194950 }
wheels = [
    { url = "https://files.pythonhosted.org/packages/0f/dd/84f10e23edd882c6f968c21c2434fe67bd4a528967067515feca9e611e5e/tzdata-2025.1-py2.py3-none-any.whl", hash = "sha256:7e127113816800496f027041c570f50bcd464a020098a3b6b199517772303639", size = 346762 },
]
